
Microsoft Visual Studio Solution File, Format Version 12.00
# Visual Studio Version 16
VisualStudioVersion = 16.0.31829.152
MinimumVisualStudioVersion = 10.0.40219.1
Project("{FAE04EC0-301F-11D3-BF4B-00C04F79EFBC}") = "MultiCode_inator", "MultiCode_inator\MultiCode_inator.csproj", "{2DFEC19C-242B-44C4-9CE6-5E8A0C5E6445}"
EndProject
Global
	GlobalSection(SolutionConfigurationPlatforms) = preSolution
		Debug|Any CPU = Debug|Any CPU
		Release|Any CPU = Release|Any CPU
	EndGlobalSection
	GlobalSection(ProjectConfigurationPlatforms) = postSolution
		{2DFEC19C-242B-44C4-9CE6-5E8A0C5E6445}.Debug|Any CPU.ActiveCfg = Debug|Any CPU
		{2DFEC19C-242B-44C4-9CE6-5E8A0C5E6445}.Debug|Any CPU.Build.0 = Debug|Any CPU
		{2DFEC19C-242B-44C4-9CE6-5E8A0C5E6445}.Release|Any CPU.ActiveCfg = Release|Any CPU
		{2DFEC19C-242B-44C4-9CE6-5E8A0C5E6445}.Release|Any CPU.Build.0 = Release|Any CPU
	EndGlobalSection
	GlobalSection(SolutionProperties) = preSolution
		HideSolutionNode = FALSE
	EndGlobalSection
	GlobalSection(ExtensibilityGlobals) = postSolution
		SolutionGuid = {0A60D484-64DA-452D-B461-2314A5ACB22B}
	EndGlobalSection
EndGlobal
